
Microsoft Visual Studio Solution File, Format Version 12.00
# Visual Studio Version 17
VisualStudioVersion = 17.5.2.0
MinimumVisualStudioVersion = 10.0.40219.1
Project("{FAE04EC0-301F-11D3-BF4B-00C04F79EFBC}") = "TerrariaWorldSwitcher", "TerrariaWorldSwitcher.csproj", "{D2EBDC32-361F-35B6-8A46-F48E8D42A865}"
EndProject
Project("{FAE04EC0-301F-11D3-BF4B-00C04F79EFBC}") = "UI", "UI\UI.csproj", "{74ACF6E1-FC17-417C-A817-4CD303E5491B}"
EndProject
Global
	GlobalSection(SolutionConfigurationPlatforms) = preSolution
		Debug|Any CPU = Debug|Any CPU
		Debug|x64 = Debug|x64
		Debug|x86 = Debug|x86
		Release|Any CPU = Release|Any CPU
		Release|x64 = Release|x64
		Release|x86 = Release|x86
	EndGlobalSection
	GlobalSection(ProjectConfigurationPlatforms) = postSolution
		{D2EBDC32-361F-35B6-8A46-F48E8D42A865}.Debug|Any CPU.ActiveCfg = Debug|Any CPU
		{D2EBDC32-361F-35B6-8A46-F48E8D42A865}.Debug|Any CPU.Build.0 = Debug|Any CPU
		{D2EBDC32-361F-35B6-8A46-F48E8D42A865}.Debug|x64.ActiveCfg = Debug|Any CPU
		{D2EBDC32-361F-35B6-8A46-F48E8D42A865}.Debug|x64.Build.0 = Debug|Any CPU
		{D2EBDC32-361F-35B6-8A46-F48E8D42A865}.Debug|x86.ActiveCfg = Debug|Any CPU
		{D2EBDC32-361F-35B6-8A46-F48E8D42A865}.Debug|x86.Build.0 = Debug|Any CPU
		{D2EBDC32-361F-35B6-8A46-F48E8D42A865}.Release|Any CPU.ActiveCfg = Release|Any CPU
		{D2EBDC32-361F-35B6-8A46-F48E8D42A865}.Release|Any CPU.Build.0 = Release|Any CPU
		{D2EBDC32-361F-35B6-8A46-F48E8D42A865}.Release|x64.ActiveCfg = Release|Any CPU
		{D2EBDC32-361F-35B6-8A46-F48E8D42A865}.Release|x64.Build.0 = Release|Any CPU
		{D2EBDC32-361F-35B6-8A46-F48E8D42A865}.Release|x86.ActiveCfg = Release|Any CPU
		{D2EBDC32-361F-35B6-8A46-F48E8D42A865}.Release|x86.Build.0 = Release|Any CPU
		{74ACF6E1-FC17-417C-A817-4CD303E5491B}.Debug|Any CPU.ActiveCfg = Debug|Any CPU
		{74ACF6E1-FC17-417C-A817-4CD303E5491B}.Debug|Any CPU.Build.0 = Debug|Any CPU
		{74ACF6E1-FC17-417C-A817-4CD303E5491B}.Debug|x64.ActiveCfg = Debug|Any CPU
		{74ACF6E1-FC17-417C-A817-4CD303E5491B}.Debug|x64.Build.0 = Debug|Any CPU
		{74ACF6E1-FC17-417C-A817-4CD303E5491B}.Debug|x86.ActiveCfg = Debug|Any CPU
		{74ACF6E1-FC17-417C-A817-4CD303E5491B}.Debug|x86.Build.0 = Debug|Any CPU
		{74ACF6E1-FC17-417C-A817-4CD303E5491B}.Release|Any CPU.ActiveCfg = Release|Any CPU
		{74ACF6E1-FC17-417C-A817-4CD303E5491B}.Release|Any CPU.Build.0 = Release|Any CPU
		{74ACF6E1-FC17-417C-A817-4CD303E5491B}.Release|x64.ActiveCfg = Release|Any CPU
		{74ACF6E1-FC17-417C-A817-4CD303E5491B}.Release|x64.Build.0 = Release|Any CPU
		{74ACF6E1-FC17-417C-A817-4CD303E5491B}.Release|x86.ActiveCfg = Release|Any CPU
		{74ACF6E1-FC17-417C-A817-4CD303E5491B}.Release|x86.Build.0 = Release|Any CPU
	EndGlobalSection
	GlobalSection(SolutionProperties) = preSolution
		HideSolutionNode = FALSE
	EndGlobalSection
	GlobalSection(ExtensibilityGlobals) = postSolution
		SolutionGuid = {355DCA66-D7C4-45DB-A0B7-5F11310F3F70}
	EndGlobalSection
EndGlobal
